// !$*UTF8*$!
{
	archiveVersion = 1;
	classes = {
	};
	objectVersion = 55;
	objects = {

/* Begin PBXBuildFile section */
		B54C2338281C059300DDA412 /* PlantCheckApp.swift in Sources */ = {isa = PBXBuildFile; fileRef = B54C2337281C059300DDA412 /* PlantCheckApp.swift */; };
		B54C233A281C059300DDA412 /* HomeView.swift in Sources */ = {isa = PBXBuildFile; fileRef = B54C2339281C059300DDA412 /* HomeView.swift */; };
		B54C233C281C059500DDA412 /* Assets.xcassets in Resources */ = {isa = PBXBuildFile; fileRef = B54C233B281C059500DDA412 /* Assets.xcassets */; };
		B54C233F281C059500DDA412 /* Preview Assets.xcassets in Resources */ = {isa = PBXBuildFile; fileRef = B54C233E281C059500DDA412 /* Preview Assets.xcassets */; };
		B54C2341281C059500DDA412 /* Persistence.swift in Sources */ = {isa = PBXBuildFile; fileRef = B54C2340281C059500DDA412 /* Persistence.swift */; };
		B54C2344281C059500DDA412 /* PlantCheck.xcdatamodeld in Sources */ = {isa = PBXBuildFile; fileRef = B54C2342281C059500DDA412 /* PlantCheck.xcdatamodeld */; };
		B54C322E2822694B00D58A27 /* ImagePickerView.swift in Sources */ = {isa = PBXBuildFile; fileRef = B54C322D2822694B00D58A27 /* ImagePickerView.swift */; };
		B54C3231282332FD00D58A27 /* OptionsList.swift in Sources */ = {isa = PBXBuildFile; fileRef = B54C3230282332FC00D58A27 /* OptionsList.swift */; };
		B54C32332824761200D58A27 /* Plant.swift in Sources */ = {isa = PBXBuildFile; fileRef = B54C32322824761200D58A27 /* Plant.swift */; };
		B54C323528252ABC00D58A27 /* FileSystemManager.swift in Sources */ = {isa = PBXBuildFile; fileRef = B54C323428252ABB00D58A27 /* FileSystemManager.swift */; };
		B54C323728297B4200D58A27 /* PlantDetailView.swift in Sources */ = {isa = PBXBuildFile; fileRef = B54C323628297B4200D58A27 /* PlantDetailView.swift */; };
		B54C3239282AACD500D58A27 /* WikiDescriptionView.swift in Sources */ = {isa = PBXBuildFile; fileRef = B54C3238282AACD400D58A27 /* WikiDescriptionView.swift */; };
		B54C323B282B02E700D58A27 /* HistoryView.swift in Sources */ = {isa = PBXBuildFile; fileRef = B54C323A282B02E700D58A27 /* HistoryView.swift */; };
		B56E70AE282153DD007A2626 /* PlantAddingViewModel.swift in Sources */ = {isa = PBXBuildFile; fileRef = B56E70AD282153DD007A2626 /* PlantAddingViewModel.swift */; };
		B56E70B028216AAA007A2626 /* WikiPageRevisionModel.swift in Sources */ = {isa = PBXBuildFile; fileRef = B56E70AF28216AAA007A2626 /* WikiPageRevisionModel.swift */; };
		B56E70B228217F56007A2626 /* APIService.swift in Sources */ = {isa = PBXBuildFile; fileRef = B56E70B128217F56007A2626 /* APIService.swift */; };
		B56E70B528218CCC007A2626 /* WikiParser.swift in Sources */ = {isa = PBXBuildFile; fileRef = B56E70B428218CCC007A2626 /* WikiParser.swift */; };
		B56E70B72821B5A1007A2626 /* WikiImageModel.swift in Sources */ = {isa = PBXBuildFile; fileRef = B56E70B62821B5A1007A2626 /* WikiImageModel.swift */; };
		B576C2DE281EFE8000A05A5A /* AddPlantView.swift in Sources */ = {isa = PBXBuildFile; fileRef = B576C2DD281EFE8000A05A5A /* AddPlantView.swift */; };
		B576C2E0281F2D0100A05A5A /* ImagePicker.swift in Sources */ = {isa = PBXBuildFile; fileRef = B576C2DF281F2D0100A05A5A /* ImagePicker.swift */; };
		B578BF68282C1566006D2A28 /* Shared.swift in Sources */ = {isa = PBXBuildFile; fileRef = B578BF67282C1566006D2A28 /* Shared.swift */; };
		B578BF6A282C602F006D2A28 /* SplashScreen.storyboard in Resources */ = {isa = PBXBuildFile; fileRef = B578BF69282C602F006D2A28 /* SplashScreen.storyboard */; };
		B578BF6C282D767A006D2A28 /* TodayWateringScroll.swift in Sources */ = {isa = PBXBuildFile; fileRef = B578BF6B282D767A006D2A28 /* TodayWateringScroll.swift */; };
		B578BF6E282DADB4006D2A28 /* CoreDataController.swift in Sources */ = {isa = PBXBuildFile; fileRef = B578BF6D282DADB4006D2A28 /* CoreDataController.swift */; };
/* End PBXBuildFile section */

/* Begin PBXFileReference section */
		B54C2334281C059300DDA412 /* PlantCheck.app */ = {isa = PBXFileReference; explicitFileType = wrapper.application; includeInIndex = 0; path = PlantCheck.app; sourceTree = BUILT_PRODUCTS_DIR; };
		B54C2337281C059300DDA412 /* PlantCheckApp.swift */ = {isa = PBXFileReference; lastKnownFileType = sourcecode.swift; path = PlantCheckApp.swift; sourceTree = "<group>"; };
		B54C2339281C059300DDA412 /* HomeView.swift */ = {isa = PBXFileReference; lastKnownFileType = sourcecode.swift; path = HomeView.swift; sourceTree = "<group>"; };
		B54C233B281C059500DDA412 /* Assets.xcassets */ = {isa = PBXFileReference; lastKnownFileType = folder.assetcatalog; path = Assets.xcassets; sourceTree = "<group>"; };
		B54C233E281C059500DDA412 /* Preview Assets.xcassets */ = {isa = PBXFileReference; lastKnownFileType = folder.assetcatalog; path = "Preview Assets.xcassets"; sourceTree = "<group>"; };
		B54C2340281C059500DDA412 /* Persistence.swift */ = {isa = PBXFileReference; lastKnownFileType = sourcecode.swift; path = Persistence.swift; sourceTree = "<group>"; };
		B54C2343281C059500DDA412 /* PlantCheck.xcdatamodel */ = {isa = PBXFileReference; lastKnownFileType = wrapper.xcdatamodel; path = PlantCheck.xcdatamodel; sourceTree = "<group>"; };
		B54C322D2822694B00D58A27 /* ImagePickerView.swift */ = {isa = PBXFileReference; lastKnownFileType = sourcecode.swift; path = ImagePickerView.swift; sourceTree = "<group>"; };
		B54C3230282332FC00D58A27 /* OptionsList.swift */ = {isa = PBXFileReference; lastKnownFileType = sourcecode.swift; path = OptionsList.swift; sourceTree = "<group>"; };
		B54C32322824761200D58A27 /* Plant.swift */ = {isa = PBXFileReference; lastKnownFileType = sourcecode.swift; path = Plant.swift; sourceTree = "<group>"; };
		B54C323428252ABB00D58A27 /* FileSystemManager.swift */ = {isa = PBXFileReference; lastKnownFileType = sourcecode.swift; path = FileSystemManager.swift; sourceTree = "<group>"; };
		B54C323628297B4200D58A27 /* PlantDetailView.swift */ = {isa = PBXFileReference; lastKnownFileType = sourcecode.swift; path = PlantDetailView.swift; sourceTree = "<group>"; };
		B54C3238282AACD400D58A27 /* WikiDescriptionView.swift */ = {isa = PBXFileReference; lastKnownFileType = sourcecode.swift; path = WikiDescriptionView.swift; sourceTree = "<group>"; };
		B54C323A282B02E700D58A27 /* HistoryView.swift */ = {isa = PBXFileReference; lastKnownFileType = sourcecode.swift; path = HistoryView.swift; sourceTree = "<group>"; };
		B56E70AD282153DD007A2626 /* PlantAddingViewModel.swift */ = {isa = PBXFileReference; lastKnownFileType = sourcecode.swift; path = PlantAddingViewModel.swift; sourceTree = "<group>"; };
		B56E70AF28216AAA007A2626 /* WikiPageRevisionModel.swift */ = {isa = PBXFileReference; lastKnownFileType = sourcecode.swift; path = WikiPageRevisionModel.swift; sourceTree = "<group>"; };
		B56E70B128217F56007A2626 /* APIService.swift */ = {isa = PBXFileReference; lastKnownFileType = sourcecode.swift; path = APIService.swift; sourceTree = "<group>"; };
		B56E70B428218CCC007A2626 /* WikiParser.swift */ = {isa = PBXFileReference; lastKnownFileType = sourcecode.swift; path = WikiParser.swift; sourceTree = "<group>"; };
		B56E70B62821B5A1007A2626 /* WikiImageModel.swift */ = {isa = PBXFileReference; lastKnownFileType = sourcecode.swift; path = WikiImageModel.swift; sourceTree = "<group>"; };
		B576C2DD281EFE8000A05A5A /* AddPlantView.swift */ = {isa = PBXFileReference; lastKnownFileType = sourcecode.swift; path = AddPlantView.swift; sourceTree = "<group>"; };
		B576C2DF281F2D0100A05A5A /* ImagePicker.swift */ = {isa = PBXFileReference; lastKnownFileType = sourcecode.swift; path = ImagePicker.swift; sourceTree = "<group>"; };
		B578BF67282C1566006D2A28 /* Shared.swift */ = {isa = PBXFileReference; lastKnownFileType = sourcecode.swift; path = Shared.swift; sourceTree = "<group>"; };
		B578BF69282C602F006D2A28 /* SplashScreen.storyboard */ = {isa = PBXFileReference; lastKnownFileType = file.storyboard; path = SplashScreen.storyboard; sourceTree = "<group>"; };
		B578BF6B282D767A006D2A28 /* TodayWateringScroll.swift */ = {isa = PBXFileReference; lastKnownFileType = sourcecode.swift; path = TodayWateringScroll.swift; sourceTree = "<group>"; };
		B578BF6D282DADB4006D2A28 /* CoreDataController.swift */ = {isa = PBXFileReference; lastKnownFileType = sourcecode.swift; path = CoreDataController.swift; sourceTree = "<group>"; };
/* End PBXFileReference section */

/* Begin PBXFrameworksBuildPhase section */
		B54C2331281C059300DDA412 /* Frameworks */ = {
			isa = PBXFrameworksBuildPhase;
			buildActionMask = 2147483647;
			files = (
			);
			runOnlyForDeploymentPostprocessing = 0;
		};
/* End PBXFrameworksBuildPhase section */

/* Begin PBXGroup section */
		B54C232B281C059300DDA412 = {
			isa = PBXGroup;
			children = (
				B54C2336281C059300DDA412 /* PlantCheck */,
				B54C2335281C059300DDA412 /* Products */,
			);
			sourceTree = "<group>";
		};
		B54C2335281C059300DDA412 /* Products */ = {
			isa = PBXGroup;
			children = (
				B54C2334281C059300DDA412 /* PlantCheck.app */,
			);
			name = Products;
			sourceTree = "<group>";
		};
		B54C2336281C059300DDA412 /* PlantCheck */ = {
			isa = PBXGroup;
			children = (
				B54C233B281C059500DDA412 /* Assets.xcassets */,
				B54C2340281C059500DDA412 /* Persistence.swift */,
				B56E70AD282153DD007A2626 /* PlantAddingViewModel.swift */,
				B54C2342281C059500DDA412 /* PlantCheck.xcdatamodeld */,
				B54C2337281C059300DDA412 /* PlantCheckApp.swift */,
				B54C233D281C059500DDA412 /* Preview Content */,
				B56E70BB2821E0BA007A2626 /* Services */,
				B56E70BA2821E09F007A2626 /* Views */,
				B56E70B328218C9E007A2626 /* WikiAPI */,
				B54C32322824761200D58A27 /* Plant.swift */,
				B578BF69282C602F006D2A28 /* SplashScreen.storyboard */,
				B578BF6D282DADB4006D2A28 /* CoreDataController.swift */,
			);
			path = PlantCheck;
			sourceTree = "<group>";
		};
		B54C233D281C059500DDA412 /* Preview Content */ = {
			isa = PBXGroup;
			children = (
				B54C233E281C059500DDA412 /* Preview Assets.xcassets */,
			);
			path = "Preview Content";
			sourceTree = "<group>";
		};
		B56E70B328218C9E007A2626 /* WikiAPI */ = {
			isa = PBXGroup;
			children = (
				B56E70B62821B5A1007A2626 /* WikiImageModel.swift */,
				B56E70AF28216AAA007A2626 /* WikiPageRevisionModel.swift */,
				B56E70B428218CCC007A2626 /* WikiParser.swift */,
			);
			path = WikiAPI;
			sourceTree = "<group>";
		};
		B56E70BA2821E09F007A2626 /* Views */ = {
			isa = PBXGroup;
			children = (
				B576C2DD281EFE8000A05A5A /* AddPlantView.swift */,
				B54C2339281C059300DDA412 /* HomeView.swift */,
				B54C322D2822694B00D58A27 /* ImagePickerView.swift */,
				B54C3230282332FC00D58A27 /* OptionsList.swift */,
				B54C323628297B4200D58A27 /* PlantDetailView.swift */,
				B54C3238282AACD400D58A27 /* WikiDescriptionView.swift */,
				B54C323A282B02E700D58A27 /* HistoryView.swift */,
				B578BF67282C1566006D2A28 /* Shared.swift */,
				B578BF6B282D767A006D2A28 /* TodayWateringScroll.swift */,
			);
			path = Views;
			sourceTree = "<group>";
		};
		B56E70BB2821E0BA007A2626 /* Services */ = {
			isa = PBXGroup;
			children = (
				B56E70B128217F56007A2626 /* APIService.swift */,
				B576C2DF281F2D0100A05A5A /* ImagePicker.swift */,
				B54C323428252ABB00D58A27 /* FileSystemManager.swift */,
			);
			path = Services;
			sourceTree = "<group>";
		};
/* End PBXGroup section */

/* Begin PBXNativeTarget section */
		B54C2333281C059300DDA412 /* PlantCheck */ = {
			isa = PBXNativeTarget;
			buildConfigurationList = B54C2347281C059500DDA412 /* Build configuration list for PBXNativeTarget "PlantCheck" */;
			buildPhases = (
				B54C2330281C059300DDA412 /* Sources */,
				B54C2331281C059300DDA412 /* Frameworks */,
				B54C2332281C059300DDA412 /* Resources */,
			);
			buildRules = (
			);
			dependencies = (
			);
			name = PlantCheck;
			productName = PlantCheck;
			productReference = B54C2334281C059300DDA412 /* PlantCheck.app */;
			productType = "com.apple.product-type.application";
		};
/* End PBXNativeTarget section */

/* Begin PBXProject section */
		B54C232C281C059300DDA412 /* Project object */ = {
			isa = PBXProject;
			attributes = {
				BuildIndependentTargetsInParallel = 1;
				LastSwiftUpdateCheck = 1330;
				LastUpgradeCheck = 1330;
				TargetAttributes = {
					B54C2333281C059300DDA412 = {
						CreatedOnToolsVersion = 13.3.1;
					};
				};
			};
			buildConfigurationList = B54C232F281C059300DDA412 /* Build configuration list for PBXProject "PlantCheck" */;
			compatibilityVersion = "Xcode 13.0";
			developmentRegion = en;
			hasScannedForEncodings = 0;
			knownRegions = (
				en,
				Base,
			);
			mainGroup = B54C232B281C059300DDA412;
			productRefGroup = B54C2335281C059300DDA412 /* Products */;
			projectDirPath = "";
			projectRoot = "";
			targets = (
				B54C2333281C059300DDA412 /* PlantCheck */,
			);
		};
/* End PBXProject section */

/* Begin PBXResourcesBuildPhase section */
		B54C2332281C059300DDA412 /* Resources */ = {
			isa = PBXResourcesBuildPhase;
			buildActionMask = 2147483647;
			files = (
				B54C233F281C059500DDA412 /* Preview Assets.xcassets in Resources */,
				B578BF6A282C602F006D2A28 /* SplashScreen.storyboard in Resources */,
				B54C233C281C059500DDA412 /* Assets.xcassets in Resources */,
			);
			runOnlyForDeploymentPostprocessing = 0;
		};
/* End PBXResourcesBuildPhase section */

/* Begin PBXSourcesBuildPhase section */
		B54C2330281C059300DDA412 /* Sources */ = {
			isa = PBXSourcesBuildPhase;
			buildActionMask = 2147483647;
			files = (
				B56E70B528218CCC007A2626 /* WikiParser.swift in Sources */,
				B54C2344281C059500DDA412 /* PlantCheck.xcdatamodeld in Sources */,
				B54C2341281C059500DDA412 /* Persistence.swift in Sources */,
				B54C233A281C059300DDA412 /* HomeView.swift in Sources */,
				B54C322E2822694B00D58A27 /* ImagePickerView.swift in Sources */,
				B578BF68282C1566006D2A28 /* Shared.swift in Sources */,
				B54C323528252ABC00D58A27 /* FileSystemManager.swift in Sources */,
				B56E70AE282153DD007A2626 /* PlantAddingViewModel.swift in Sources */,
				B54C323B282B02E700D58A27 /* HistoryView.swift in Sources */,
				B576C2E0281F2D0100A05A5A /* ImagePicker.swift in Sources */,
				B54C2338281C059300DDA412 /* PlantCheckApp.swift in Sources */,
				B54C3231282332FD00D58A27 /* OptionsList.swift in Sources */,
				B56E70B72821B5A1007A2626 /* WikiImageModel.swift in Sources */,
				B576C2DE281EFE8000A05A5A /* AddPlantView.swift in Sources */,
				B54C32332824761200D58A27 /* Plant.swift in Sources */,
				B54C323728297B4200D58A27 /* PlantDetailView.swift in Sources */,
				B56E70B228217F56007A2626 /* APIService.swift in Sources */,
				B578BF6E282DADB4006D2A28 /* CoreDataController.swift in Sources */,
				B578BF6C282D767A006D2A28 /* TodayWateringScroll.swift in Sources */,
				B56E70B028216AAA007A2626 /* WikiPageRevisionModel.swift in Sources */,
				B54C3239282AACD500D58A27 /* WikiDescriptionView.swift in Sources */,
			);
			runOnlyForDeploymentPostprocessing = 0;
		};
/* End PBXSourcesBuildPhase section */

/* Begin XCBuildConfiguration section */
		B54C2345281C059500DDA412 /* Debug */ = {
			isa = XCBuildConfiguration;
			buildSettings = {
				ALWAYS_SEARCH_USER_PATHS = NO;
				CLANG_ANALYZER_NONNULL = YES;
				CLANG_ANALYZER_NUMBER_OBJECT_CONVERSION = YES_AGGRESSIVE;
				CLANG_CXX_LANGUAGE_STANDARD = "gnu++17";
				CLANG_ENABLE_MODULES = YES;
				CLANG_ENABLE_OBJC_ARC = YES;
				CLANG_ENABLE_OBJC_WEAK = YES;
				CLANG_WARN_BLOCK_CAPTURE_AUTORELEASING = YES;
				CLANG_WARN_BOOL_CONVERSION = YES;
				CLANG_WARN_COMMA = YES;
				CLANG_WARN_CONSTANT_CONVERSION = YES;
				CLANG_WARN_DEPRECATED_OBJC_IMPLEMENTATIONS = YES;
				CLANG_WARN_DIRECT_OBJC_ISA_USAGE = YES_ERROR;
				CLANG_WARN_DOCUMENTATION_COMMENTS = YES;
				CLANG_WARN_EMPTY_BODY = YES;
				CLANG_WARN_ENUM_CONVERSION = YES;
				CLANG_WARN_INFINITE_RECURSION = YES;
				CLANG_WARN_INT_CONVERSION = YES;
				CLANG_WARN_NON_LITERAL_NULL_CONVERSION = YES;
				CLANG_WARN_OBJC_IMPLICIT_RETAIN_SELF = YES;
				CLANG_WARN_OBJC_LITERAL_CONVERSION = YES;
				CLANG_WARN_OBJC_ROOT_CLASS = YES_ERROR;
				CLANG_WARN_QUOTED_INCLUDE_IN_FRAMEWORK_HEADER = YES;
				CLANG_WARN_RANGE_LOOP_ANALYSIS = YES;
				CLANG_WARN_STRICT_PROTOTYPES = YES;
				CLANG_WARN_SUSPICIOUS_MOVE = YES;
				CLANG_WARN_UNGUARDED_AVAILABILITY = YES_AGGRESSIVE;
				CLANG_WARN_UNREACHABLE_CODE = YES;
				CLANG_WARN__DUPLICATE_METHOD_MATCH = YES;
				COPY_PHASE_STRIP = NO;
				DEBUG_INFORMATION_FORMAT = dwarf;
				ENABLE_STRICT_OBJC_MSGSEND = YES;
				ENABLE_TESTABILITY = YES;
				GCC_C_LANGUAGE_STANDARD = gnu11;
				GCC_DYNAMIC_NO_PIC = NO;
				GCC_NO_COMMON_BLOCKS = YES;
				GCC_OPTIMIZATION_LEVEL = 0;
				GCC_PREPROCESSOR_DEFINITIONS = (
					"DEBUG=1",
					"$(inherited)",
				);
				GCC_WARN_64_TO_32_BIT_CONVERSION = YES;
				GCC_WARN_ABOUT_RETURN_TYPE = YES_ERROR;
				GCC_WARN_UNDECLARED_SELECTOR = YES;
				GCC_WARN_UNINITIALIZED_AUTOS = YES_AGGRESSIVE;
				GCC_WARN_UNUSED_FUNCTION = YES;
				GCC_WARN_UNUSED_VARIABLE = YES;
				IPHONEOS_DEPLOYMENT_TARGET = 15.4;
				MTL_ENABLE_DEBUG_INFO = INCLUDE_SOURCE;
				MTL_FAST_MATH = YES;
				ONLY_ACTIVE_ARCH = YES;
				SDKROOT = iphoneos;
				SWIFT_ACTIVE_COMPILATION_CONDITIONS = DEBUG;
				SWIFT_OPTIMIZATION_LEVEL = "-Onone";
			};
			name = Debug;
		};
		B54C2346281C059500DDA412 /* Release */ = {
			isa = XCBuildConfiguration;
			buildSettings = {
				ALWAYS_SEARCH_USER_PATHS = NO;
				CLANG_ANALYZER_NONNULL = YES;
				CLANG_ANALYZER_NUMBER_OBJECT_CONVERSION = YES_AGGRESSIVE;
				CLANG_CXX_LANGUAGE_STANDARD = "gnu++17";
				CLANG_ENABLE_MODULES = YES;
				CLANG_ENABLE_OBJC_ARC = YES;
				CLANG_ENABLE_OBJC_WEAK = YES;
				CLANG_WARN_BLOCK_CAPTURE_AUTORELEASING = YES;
				CLANG_WARN_BOOL_CONVERSION = YES;
				CLANG_WARN_COMMA = YES;
				CLANG_WARN_CONSTANT_CONVERSION = YES;
				CLANG_WARN_DEPRECATED_OBJC_IMPLEMENTATIONS = YES;
				CLANG_WARN_DIRECT_OBJC_ISA_USAGE = YES_ERROR;
				CLANG_WARN_DOCUMENTATION_COMMENTS = YES;
				CLANG_WARN_EMPTY_BODY = YES;
				CLANG_WARN_ENUM_CONVERSION = YES;
				CLANG_WARN_INFINITE_RECURSION = YES;
				CLANG_WARN_INT_CONVERSION = YES;
				CLANG_WARN_NON_LITERAL_NULL_CONVERSION = YES;
				CLANG_WARN_OBJC_IMPLICIT_RETAIN_SELF = YES;
				CLANG_WARN_OBJC_LITERAL_CONVERSION = YES;
				CLANG_WARN_OBJC_ROOT_CLASS = YES_ERROR;
				CLANG_WARN_QUOTED_INCLUDE_IN_FRAMEWORK_HEADER = YES;
				CLANG_WARN_RANGE_LOOP_ANALYSIS = YES;
				CLANG_WARN_STRICT_PROTOTYPES = YES;
				CLANG_WARN_SUSPICIOUS_MOVE = YES;
				CLANG_WARN_UNGUARDED_AVAILABILITY = YES_AGGRESSIVE;
				CLANG_WARN_UNREACHABLE_CODE = YES;
				CLANG_WARN__DUPLICATE_METHOD_MATCH = YES;
				COPY_PHASE_STRIP = NO;
				DEBUG_INFORMATION_FORMAT = "dwarf-with-dsym";
				ENABLE_NS_ASSERTIONS = NO;
				ENABLE_STRICT_OBJC_MSGSEND = YES;
				GCC_C_LANGUAGE_STANDARD = gnu11;
				GCC_NO_COMMON_BLOCKS = YES;
				GCC_WARN_64_TO_32_BIT_CONVERSION = YES;
				GCC_WARN_ABOUT_RETURN_TYPE = YES_ERROR;
				GCC_WARN_UNDECLARED_SELECTOR = YES;
				GCC_WARN_UNINITIALIZED_AUTOS = YES_AGGRESSIVE;
				GCC_WARN_UNUSED_FUNCTION = YES;
				GCC_WARN_UNUSED_VARIABLE = YES;
				IPHONEOS_DEPLOYMENT_TARGET = 15.4;
				MTL_ENABLE_DEBUG_INFO = NO;
				MTL_FAST_MATH = YES;
				SDKROOT = iphoneos;
				SWIFT_COMPILATION_MODE = wholemodule;
				SWIFT_OPTIMIZATION_LEVEL = "-O";
				VALIDATE_PRODUCT = YES;
			};
			name = Release;
		};
		B54C2348281C059500DDA412 /* Debug */ = {
			isa = XCBuildConfiguration;
			buildSettings = {
				ASSETCATALOG_COMPILER_APPICON_NAME = AppIcon;
				ASSETCATALOG_COMPILER_GLOBAL_ACCENT_COLOR_NAME = AccentColor;
				CODE_SIGN_STYLE = Automatic;
				CURRENT_PROJECT_VERSION = 1;
				DEVELOPMENT_ASSET_PATHS = "\"PlantCheck/Preview Content\"";
				DEVELOPMENT_TEAM = M83J465D86;
				ENABLE_PREVIEWS = YES;
				GENERATE_INFOPLIST_FILE = YES;
				INFOPLIST_FILE = PlantCheck/Info.plist;
				INFOPLIST_KEY_UIApplicationSceneManifest_Generation = YES;
				INFOPLIST_KEY_UIApplicationSupportsIndirectInputEvents = YES;
				INFOPLIST_KEY_UILaunchScreen_Generation = YES;
				INFOPLIST_KEY_UILaunchStoryboardName = SplashScreen;
				INFOPLIST_KEY_UISupportedInterfaceOrientations_iPad = "UIInterfaceOrientationPortrait UIInterfaceOrientationPortraitUpsideDown UIInterfaceOrientationLandscapeLeft UIInterfaceOrientationLandscapeRight";
				INFOPLIST_KEY_UISupportedInterfaceOrientations_iPhone = UIInterfaceOrientationPortrait;
				INFOPLIST_KEY_UIUserInterfaceStyle = Light;
				IPHONEOS_DEPLOYMENT_TARGET = 15.4;
				LD_RUNPATH_SEARCH_PATHS = (
					"$(inherited)",
					"@executable_path/Frameworks",
				);
				MARKETING_VERSION = 1.0;
				PRODUCT_BUNDLE_IDENTIFIER = "savvin.mo-yandex.ru.PlantCheck";
				PRODUCT_NAME = "$(TARGET_NAME)";
				SWIFT_EMIT_LOC_STRINGS = YES;
				SWIFT_VERSION = 5.0;
				TARGETED_DEVICE_FAMILY = "1,2";
			};
			name = Debug;
		};
		B54C2349281C059500DDA412 /* Release */ = {
			isa = XCBuildConfiguration;
			buildSettings = {
				ASSETCATALOG_COMPILER_APPICON_NAME = AppIcon;
				ASSETCATALOG_COMPILER_GLOBAL_ACCENT_COLOR_NAME = AccentColor;
				CODE_SIGN_STYLE = Automatic;
				CURRENT_PROJECT_VERSION = 1;
				DEVELOPMENT_ASSET_PATHS = "\"PlantCheck/Preview Content\"";
				DEVELOPMENT_TEAM = M83J465D86;
				ENABLE_PREVIEWS = YES;
				GENERATE_INFOPLIST_FILE = YES;
				INFOPLIST_FILE = PlantCheck/Info.plist;
				INFOPLIST_KEY_UIApplicationSceneManifest_Generation = YES;
				INFOPLIST_KEY_UIApplicationSupportsIndirectInputEvents = YES;
				INFOPLIST_KEY_UILaunchScreen_Generation = YES;
				INFOPLIST_KEY_UILaunchStoryboardName = SplashScreen;
				INFOPLIST_KEY_UISupportedInterfaceOrientations_iPad = "UIInterfaceOrientationPortrait UIInterfaceOrientationPortraitUpsideDown UIInterfaceOrientationLandscapeLeft UIInterfaceOrientationLandscapeRight";
				INFOPLIST_KEY_UISupportedInterfaceOrientations_iPhone = UIInterfaceOrientationPortrait;
				INFOPLIST_KEY_UIUserInterfaceStyle = Light;
				IPHONEOS_DEPLOYMENT_TARGET = 15.4;
				LD_RUNPATH_SEARCH_PATHS = (
					"$(inherited)",
					"@executable_path/Frameworks",
				);
				MARKETING_VERSION = 1.0;
				PRODUCT_BUNDLE_IDENTIFIER = "savvin.mo-yandex.ru.PlantCheck";
				PRODUCT_NAME = "$(TARGET_NAME)";
				SWIFT_EMIT_LOC_STRINGS = YES;
				SWIFT_VERSION = 5.0;
				TARGETED_DEVICE_FAMILY = "1,2";
			};
			name = Release;
		};
/* End XCBuildConfiguration section */

/* Begin XCConfigurationList section */
		B54C232F281C059300DDA412 /* Build configuration list for PBXProject "PlantCheck" */ = {
			isa = XCConfigurationList;
			buildConfigurations = (
				B54C2345281C059500DDA412 /* Debug */,
				B54C2346281C059500DDA412 /* Release */,
			);
			defaultConfigurationIsVisible = 0;
			defaultConfigurationName = Release;
		};
		B54C2347281C059500DDA412 /* Build configuration list for PBXNativeTarget "PlantCheck" */ = {
			isa = XCConfigurationList;
			buildConfigurations = (
				B54C2348281C059500DDA412 /* Debug */,
				B54C2349281C059500DDA412 /* Release */,
			);
			defaultConfigurationIsVisible = 0;
			defaultConfigurationName = Release;
		};
/* End XCConfigurationList section */

/* Begin XCVersionGroup section */
		B54C2342281C059500DDA412 /* PlantCheck.xcdatamodeld */ = {
			isa = XCVersionGroup;
			children = (
				B54C2343281C059500DDA412 /* PlantCheck.xcdatamodel */,
			);
			currentVersion = B54C2343281C059500DDA412 /* PlantCheck.xcdatamodel */;
			path = PlantCheck.xcdatamodeld;
			sourceTree = "<group>";
			versionGroupType = wrapper.xcdatamodel;
		};
/* End XCVersionGroup section */
	};
	rootObject = B54C232C281C059300DDA412 /* Project object */;
}
